
Microsoft Visual Studio Solution File, Format Version 12.00
# Visual Studio 15
VisualStudioVersion = 15.0.27130.2027
MinimumVisualStudioVersion = 10.0.40219.1
Project("{9A19103F-16F7-4668-BE54-9A1E7A4F7556}") = "VR2Projekt", "VR2Projekt\VR2Projekt.csproj", "{DA5F0CD7-5CC4-449A-A556-E35F4FDB1B27}"
EndProject
Project("{9A19103F-16F7-4668-BE54-9A1E7A4F7556}") = "Domain", "Domain\Domain.csproj", "{78F6F568-EEA8-4BAE-B99E-7B73FC0A5247}"
EndProject
Project("{9A19103F-16F7-4668-BE54-9A1E7A4F7556}") = "DAL.EF", "DAL.EF\DAL.EF.csproj", "{97B3689F-952F-4BD6-938A-2B164A3C52A7}"
EndProject
Project("{9A19103F-16F7-4668-BE54-9A1E7A4F7556}") = "DAL.EF.Interfaces", "DAL.EF.Interfaces\DAL.EF.Interfaces.csproj", "{FB41E80D-26BB-47E5-B0CC-5B9BA7183F35}"
EndProject
Project("{9A19103F-16F7-4668-BE54-9A1E7A4F7556}") = "DAL.App.EF", "DAL.App.EF\DAL.App.EF.csproj", "{DD91FFE3-CAE6-45E1-8551-D4A9A06EF2A2}"
EndProject
Project("{9A19103F-16F7-4668-BE54-9A1E7A4F7556}") = "DAL.App.Interfaces", "DAL.App.Interfaces\DAL.App.Interfaces.csproj", "{C95A7821-F48A-4B9F-AC4C-C866A9169AD9}"
EndProject
Project("{9A19103F-16F7-4668-BE54-9A1E7A4F7556}") = "BL", "BL\BL.csproj", "{99847ABA-AD26-4302-8803-7B568D8C31F0}"
EndProject
Project("{FAE04EC0-301F-11D3-BF4B-00C04F79EFBC}") = "VR2Identity", "VR2Identity\VR2Identity.csproj", "{F29F417E-6DC8-4F8D-8B89-2A81F1AF8184}"
EndProject
Project("{2150E333-8FDC-42A3-9474-1A3956D46DE8}") = "Solution Items", "Solution Items", "{78B69EAB-20F9-4697-95CC-54D44AF8A095}"
	ProjectSection(SolutionItems) = preProject
		web.config = web.config
	EndProjectSection
EndProject
Global
	GlobalSection(SolutionConfigurationPlatforms) = preSolution
		Debug|Any CPU = Debug|Any CPU
		Release|Any CPU = Release|Any CPU
	EndGlobalSection
	GlobalSection(ProjectConfigurationPlatforms) = postSolution
		{DA5F0CD7-5CC4-449A-A556-E35F4FDB1B27}.Debug|Any CPU.ActiveCfg = Debug|Any CPU
		{DA5F0CD7-5CC4-449A-A556-E35F4FDB1B27}.Debug|Any CPU.Build.0 = Debug|Any CPU
		{DA5F0CD7-5CC4-449A-A556-E35F4FDB1B27}.Release|Any CPU.ActiveCfg = Release|Any CPU
		{DA5F0CD7-5CC4-449A-A556-E35F4FDB1B27}.Release|Any CPU.Build.0 = Release|Any CPU
		{78F6F568-EEA8-4BAE-B99E-7B73FC0A5247}.Debug|Any CPU.ActiveCfg = Debug|Any CPU
		{78F6F568-EEA8-4BAE-B99E-7B73FC0A5247}.Debug|Any CPU.Build.0 = Debug|Any CPU
		{78F6F568-EEA8-4BAE-B99E-7B73FC0A5247}.Release|Any CPU.ActiveCfg = Release|Any CPU
		{78F6F568-EEA8-4BAE-B99E-7B73FC0A5247}.Release|Any CPU.Build.0 = Release|Any CPU
		{97B3689F-952F-4BD6-938A-2B164A3C52A7}.Debug|Any CPU.ActiveCfg = Debug|Any CPU
		{97B3689F-952F-4BD6-938A-2B164A3C52A7}.Debug|Any CPU.Build.0 = Debug|Any CPU
		{97B3689F-952F-4BD6-938A-2B164A3C52A7}.Release|Any CPU.ActiveCfg = Release|Any CPU
		{97B3689F-952F-4BD6-938A-2B164A3C52A7}.Release|Any CPU.Build.0 = Release|Any CPU
		{FB41E80D-26BB-47E5-B0CC-5B9BA7183F35}.Debug|Any CPU.ActiveCfg = Debug|Any CPU
		{FB41E80D-26BB-47E5-B0CC-5B9BA7183F35}.Debug|Any CPU.Build.0 = Debug|Any CPU
		{FB41E80D-26BB-47E5-B0CC-5B9BA7183F35}.Release|Any CPU.ActiveCfg = Release|Any CPU
		{FB41E80D-26BB-47E5-B0CC-5B9BA7183F35}.Release|Any CPU.Build.0 = Release|Any CPU
		{DD91FFE3-CAE6-45E1-8551-D4A9A06EF2A2}.Debug|Any CPU.ActiveCfg = Debug|Any CPU
		{DD91FFE3-CAE6-45E1-8551-D4A9A06EF2A2}.Debug|Any CPU.Build.0 = Debug|Any CPU
		{DD91FFE3-CAE6-45E1-8551-D4A9A06EF2A2}.Release|Any CPU.ActiveCfg = Release|Any CPU
		{DD91FFE3-CAE6-45E1-8551-D4A9A06EF2A2}.Release|Any CPU.Build.0 = Release|Any CPU
		{C95A7821-F48A-4B9F-AC4C-C866A9169AD9}.Debug|Any CPU.ActiveCfg = Debug|Any CPU
		{C95A7821-F48A-4B9F-AC4C-C866A9169AD9}.Debug|Any CPU.Build.0 = Debug|Any CPU
		{C95A7821-F48A-4B9F-AC4C-C866A9169AD9}.Release|Any CPU.ActiveCfg = Release|Any CPU
		{C95A7821-F48A-4B9F-AC4C-C866A9169AD9}.Release|Any CPU.Build.0 = Release|Any CPU
		{99847ABA-AD26-4302-8803-7B568D8C31F0}.Debug|Any CPU.ActiveCfg = Debug|Any CPU
		{99847ABA-AD26-4302-8803-7B568D8C31F0}.Debug|Any CPU.Build.0 = Debug|Any CPU
		{99847ABA-AD26-4302-8803-7B568D8C31F0}.Release|Any CPU.ActiveCfg = Release|Any CPU
		{99847ABA-AD26-4302-8803-7B568D8C31F0}.Release|Any CPU.Build.0 = Release|Any CPU
		{F29F417E-6DC8-4F8D-8B89-2A81F1AF8184}.Debug|Any CPU.ActiveCfg = Debug|Any CPU
		{F29F417E-6DC8-4F8D-8B89-2A81F1AF8184}.Debug|Any CPU.Build.0 = Debug|Any CPU
		{F29F417E-6DC8-4F8D-8B89-2A81F1AF8184}.Release|Any CPU.ActiveCfg = Release|Any CPU
		{F29F417E-6DC8-4F8D-8B89-2A81F1AF8184}.Release|Any CPU.Build.0 = Release|Any CPU
	EndGlobalSection
	GlobalSection(SolutionProperties) = preSolution
		HideSolutionNode = FALSE
	EndGlobalSection
	GlobalSection(ExtensibilityGlobals) = postSolution
		SolutionGuid = {B19E48AA-4EF8-4485-9C4C-7FBAB469BDED}
	EndGlobalSection
EndGlobal
